
Microsoft Visual Studio Solution File, Format Version 12.00
# Visual Studio Version 16
VisualStudioVersion = 16.0.31911.196
MinimumVisualStudioVersion = 10.0.40219.1
Project("{FAE04EC0-301F-11D3-BF4B-00C04F79EFBC}") = "AsyncAndAwait", "AsyncAndAwait\AsyncAndAwait.csproj", "{6A307861-3D55-40FD-9314-3222B2244C20}"
EndProject
Global
	GlobalSection(SolutionConfigurationPlatforms) = preSolution
		Debug|Any CPU = Debug|Any CPU
		Release|Any CPU = Release|Any CPU
	EndGlobalSection
	GlobalSection(ProjectConfigurationPlatforms) = postSolution
		{6A307861-3D55-40FD-9314-3222B2244C20}.Debug|Any CPU.ActiveCfg = Debug|Any CPU
		{6A307861-3D55-40FD-9314-3222B2244C20}.Debug|Any CPU.Build.0 = Debug|Any CPU
		{6A307861-3D55-40FD-9314-3222B2244C20}.Release|Any CPU.ActiveCfg = Release|Any CPU
		{6A307861-3D55-40FD-9314-3222B2244C20}.Release|Any CPU.Build.0 = Release|Any CPU
	EndGlobalSection
	GlobalSection(SolutionProperties) = preSolution
		HideSolutionNode = FALSE
	EndGlobalSection
	GlobalSection(ExtensibilityGlobals) = postSolution
		SolutionGuid = {4184E683-370A-406D-9C1F-B2F83AF6FAF3}
	EndGlobalSection
EndGlobal
